
Microsoft Visual Studio Solution File, Format Version 12.00
# Visual Studio Version 16
VisualStudioVersion = 16.0.30011.22
MinimumVisualStudioVersion = 10.0.40219.1
Project("{FAE04EC0-301F-11D3-BF4B-00C04F79EFBC}") = "EGUI_Calendar", "EGUI_Calendar\EGUI_Calendar.csproj", "{49F8835F-C6BD-4844-BEA6-E5D75889FC31}"
EndProject
Global
	GlobalSection(SolutionConfigurationPlatforms) = preSolution
		Debug|Any CPU = Debug|Any CPU
		Release|Any CPU = Release|Any CPU
	EndGlobalSection
	GlobalSection(ProjectConfigurationPlatforms) = postSolution
		{49F8835F-C6BD-4844-BEA6-E5D75889FC31}.Debug|Any CPU.ActiveCfg = Debug|Any CPU
		{49F8835F-C6BD-4844-BEA6-E5D75889FC31}.Debug|Any CPU.Build.0 = Debug|Any CPU
		{49F8835F-C6BD-4844-BEA6-E5D75889FC31}.Release|Any CPU.ActiveCfg = Release|Any CPU
		{49F8835F-C6BD-4844-BEA6-E5D75889FC31}.Release|Any CPU.Build.0 = Release|Any CPU
	EndGlobalSection
	GlobalSection(SolutionProperties) = preSolution
		HideSolutionNode = FALSE
	EndGlobalSection
	GlobalSection(ExtensibilityGlobals) = postSolution
		SolutionGuid = {A3D237C9-160F-4960-9016-8964E9676C19}
	EndGlobalSection
EndGlobal
